
Microsoft Visual Studio Solution File, Format Version 12.00
# Visual Studio 2013
VisualStudioVersion = 12.0.31101.0
MinimumVisualStudioVersion = 10.0.40219.1
Project("{F184B08F-C81C-45F6-A57F-5ABD9991F28F}") = "Doctourz", "Doctourz\Doctourz.vbproj", "{5CD7CC79-52F2-4A7B-BA74-7FA832A9AF31}"
EndProject
Project("{F184B08F-C81C-45F6-A57F-5ABD9991F28F}") = "Doctourz.Tests", "Doctourz.Tests\Doctourz.Tests.vbproj", "{98F747A4-40E8-4114-B171-6E0A7C3F2168}"
EndProject
Global
	GlobalSection(SolutionConfigurationPlatforms) = preSolution
		Debug|Any CPU = Debug|Any CPU
		Release|Any CPU = Release|Any CPU
	EndGlobalSection
	GlobalSection(ProjectConfigurationPlatforms) = postSolution
		{5CD7CC79-52F2-4A7B-BA74-7FA832A9AF31}.Debug|Any CPU.ActiveCfg = Debug|Any CPU
		{5CD7CC79-52F2-4A7B-BA74-7FA832A9AF31}.Debug|Any CPU.Build.0 = Debug|Any CPU
		{5CD7CC79-52F2-4A7B-BA74-7FA832A9AF31}.Release|Any CPU.ActiveCfg = Release|Any CPU
		{5CD7CC79-52F2-4A7B-BA74-7FA832A9AF31}.Release|Any CPU.Build.0 = Release|Any CPU
		{98F747A4-40E8-4114-B171-6E0A7C3F2168}.Debug|Any CPU.ActiveCfg = Debug|Any CPU
		{98F747A4-40E8-4114-B171-6E0A7C3F2168}.Debug|Any CPU.Build.0 = Debug|Any CPU
		{98F747A4-40E8-4114-B171-6E0A7C3F2168}.Release|Any CPU.ActiveCfg = Release|Any CPU
		{98F747A4-40E8-4114-B171-6E0A7C3F2168}.Release|Any CPU.Build.0 = Release|Any CPU
	EndGlobalSection
	GlobalSection(SolutionProperties) = preSolution
		HideSolutionNode = FALSE
	EndGlobalSection
EndGlobal
